# THIS IS AN AUTOGENERATED FILE. DO NOT EDIT THIS FILE DIRECTLY.
# yarn lockfile v1


electron-better-ipc@^0.1.1:
  version "0.1.1"
  resolved "https://registry.yarnpkg.com/electron-better-ipc/-/electron-better-ipc-0.1.1.tgz#36c54a20499ecb061564ac82c054e88611b90efb"
  integrity sha512-RuhrTV2zKwxP3/N9I8L28VL60TUJZbtI5V1SRftUB6MrzrkQQXSiCCJCrC2l9qhxQHOXwDlMOI5F+WF5G0RQ2Q==
